{
  "version": 4,
  "terraform_version": "1.16.0",
  "serial": 28,
  "lineage": "12fffd68-a7d1-9e04-d3e3-56f36eeb9b2a",
  "outputs": {
    "taskflow_elastic_ip": {
      "value": "65.1.41.93",
      "type": "string"
    },
    "taskflow_instance_id": {
      "value": "i-0075e586e3e0acfd5",
      "type": "string"
    }
  },
  "resources": [
    {
      "mode": "data",
      "type": "aws_ami",
      "name": "ubuntu",
      "provider": "provider[\"registry.terraform.io/hashicorp/aws\"]",
      "instances": [
        {
          "schema_version": 0,
          "attributes": {
            "allow_unsafe_filter": null,
            "architecture": "x86_64",
            "arn": "arn:aws:ec2:ap-south-1::image/ami-050c78efa486a0196",
            "block_device_mappings": [
              {
                "device_name": "/dev/sda1",
                "ebs": {
                  "delete_on_termination": "true",
                  "encrypted": "false",
                  "iops": "0",
                  "snapshot_id": "snap-0926626f4751b9452",
                  "throughput": "0",
                  "volume_initialization_rate": "0",
                  "volume_size": "8",
                  "volume_type": "gp3"
                },
                "no_device": "",
                "virtual_name": ""
              },
              {
                "device_name": "/dev/sdb",
                "ebs": {},
                "no_device": "",
                "virtual_name": "ephemeral0"
              },
              {
                "device_name": "/dev/sdc",
                "ebs": {},
                "no_device": "",
                "virtual_name": "ephemeral1"
              }
            ],
            "boot_mode": "uefi-preferred",
            "creation_date": "2026-08-28T11:49:22.000Z",
            "deprecation_time": "2028-08-28T11:49:22.000Z",
            "description": "Canonical, Ubuntu, 24.04, amd64 noble image",
            "ena_support": true,
            "executable_users": null,
            "filter": [
              {
                "name": "name",
                "values": [
                  "ubuntu/images/hvm-ssd-gp3/ubuntu-noble-24.04-amd64-server-*"
                ]
              },
              {
                "name": "root-device-type",
                "values": [
                  "ebs"
                ]
              },
              {
                "name": "virtualization-type",
                "values": [
                  "hvm"
                ]
              }
            ],
            "hypervisor": "xen",
            "id": "ami-050c78efa486a0196",
            "image_id": "ami-050c78efa486a0196",
            "image_location": "amazon/ubuntu/images/hvm-ssd-gp3/ubuntu-noble-24.04-amd64-server-20260828",
            "image_owner_alias": "amazon",
            "image_type": "machine",
            "imds_support": "v2.0",
            "include_deprecated": false,
            "kernel_id": "",
            "last_launched_time": "",
            "most_recent": true,
            "name": "ubuntu/images/hvm-ssd-gp3/ubuntu-noble-24.04-amd64-server-20260828",
            "name_regex": null,
            "owner_id": "099720109477",
            "owners": [
              "099720109477"
            ],
            "platform": "",
            "platform_details": "Linux/UNIX",
            "product_codes": [],
            "public": true,
            "ramdisk_id": "",
            "region": "ap-south-1",
            "root_device_name": "/dev/sda1",
            "root_device_type": "ebs",
            "root_snapshot_id": "snap-0926626f4751b9452",
            "sriov_net_support": "simple",
            "state": "available",
            "state_reason": {
              "code": "UNSET",
              "message": "UNSET"
            },
            "tags": {},
            "timeouts": null,
            "tpm_support": "",
            "uefi_data": null,
            "usage_operation": "RunInstances",
            "virtualization_type": "hvm"
          },
          "sensitive_attributes": [],
          "identity_schema_version": 0
        }
      ]
    },
    {
      "mode": "managed",
      "type": "aws_eip",
      "name": "taskflow_eip",
      "provider": "provider[\"registry.terraform.io/hashicorp/aws\"]",
      "instances": [
        {
          "schema_version": 0,
          "attributes": {
            "address": null,
            "allocation_id": "eipalloc-0814f484543dde16f",
            "arn": "arn:aws:ec2:ap-south-1:884686184497:elastic-ip/eipalloc-0814f484543dde16f",
            "associate_with_private_ip": null,
            "association_id": "eipassoc-0aeeb0e88e203c52d",
            "carrier_ip": "",
            "customer_owned_ip": "",
            "customer_owned_ipv4_pool": "",
            "domain": "vpc",
            "id": "eipalloc-0814f484543dde16f",
            "instance": "i-0b957754479eb6863",
            "ipam_pool_id": "",
            "network_border_group": "ap-south-1",
            "network_interface": "eni-0c72194c38dbcd331",
            "private_dns": "ip-10-0-1-184.ap-south-1.compute.internal",
            "private_ip": "10.0.1.184",
            "ptr_record": "",
            "public_dns": "ec2-65-1-41-93.ap-south-1.compute.amazonaws.com",
            "public_ip": "65.1.41.93",
            "public_ipv4_pool": "amazon",
            "region": "ap-south-1",
            "tags": {
              "Name": "taskflow-eip"
            },
            "tags_all": {
              "Name": "taskflow-eip"
            },
            "timeouts": null
          },
          "sensitive_attributes": [],
          "identity_schema_version": 0,
          "identity": {
            "account_id": "884686184497",
            "id": "eipalloc-0814f484543dde16f",
            "region": "ap-south-1"
          },
          "private": "eyJlMmJmYjczMC1lY2FhLTExZTYtOGY4OC0zNDM2M2JjN2M0YzAiOnsiZGVsZXRlIjoxODAwMDAwMDAwMDAsInJlYWQiOjkwMDAwMDAwMDAwMCwidXBkYXRlIjozMDAwMDAwMDAwMDB9fQ=="
        }
      ]
    },
    {
      "mode": "managed",
      "type": "aws_eip_association",
      "name": "taskflow_eip_association",
      "provider": "provider[\"registry.terraform.io/hashicorp/aws\"]",
      "instances": [
        {
          "schema_version": 0,
          "attributes": {
            "allocation_id": "eipalloc-0814f484543dde16f",
            "allow_reassociation": null,
            "id": "eipassoc-03cd9a7e0073f99c3",
            "instance_id": "i-0075e586e3e0acfd5",
            "network_interface_id": "eni-081c3ab001dfbf29d",
            "private_ip_address": "10.0.1.57",
            "public_ip": "65.1.41.93",
            "region": "ap-south-1"
          },
          "sensitive_attributes": [],
          "identity_schema_version": 0,
          "private": "bnVsbA==",
          "dependencies": [
            "aws_eip.taskflow_eip",
            "aws_instance.taskflow_server",
            "aws_key_pair.taskflow_key",
            "aws_security_group.taskflow_sg",
            "aws_subnet.taskflow_public_subnet",
            "aws_vpc.taskflow_vpc",
            "data.aws_ami.ubuntu"
          ]
        }
      ]
    },
    {
      "mode": "managed",
      "type": "aws_instance",
      "name": "taskflow_server",
      "provider": "provider[\"registry.terraform.io/hashicorp/aws\"]",
      "instances": [
        {
          "schema_version": 2,
          "attributes": {
            "ami": "ami-050c78efa486a0196",
            "arn": "arn:aws:ec2:ap-south-1:884686184497:instance/i-0075e586e3e0acfd5",
            "associate_public_ip_address": true,
            "availability_zone": "ap-south-1a",
            "capacity_reservation_specification": [
              {
                "capacity_reservation_preference": "open",
                "capacity_reservation_target": []
              }
            ],
            "cpu_options": [
              {
                "amd_sev_snp": "",
                "core_count": 1,
                "nested_virtualization": "",
                "threads_per_core": 2
              }
            ],
            "credit_specification": [
              {
                "cpu_credits": "unlimited"
              }
            ],
            "disable_api_stop": false,
            "disable_api_termination": false,
            "ebs_block_device": [],
            "ebs_optimized": false,
            "enable_primary_ipv6": null,
            "enclave_options": [
              {
                "enabled": false
              }
            ],
            "ephemeral_block_device": [],
            "force_destroy": false,
            "get_password_data": false,
            "hibernation": false,
            "host_id": "",
            "host_resource_group_arn": null,
            "iam_instance_profile": "",
            "id": "i-0075e586e3e0acfd5",
            "instance_initiated_shutdown_behavior": "stop",
            "instance_lifecycle": "",
            "instance_market_options": [],
            "instance_state": "running",
            "instance_type": "t3.micro",
            "ipv6_address_count": 0,
            "ipv6_addresses": [],
            "key_name": "taskflow-key",
            "launch_template": [],
            "maintenance_options": [
              {
                "auto_recovery": "default"
              }
            ],
            "metadata_options": [
              {
                "http_endpoint": "enabled",
                "http_protocol_ipv6": "disabled",
                "http_put_response_hop_limit": 2,
                "http_tokens": "required",
                "instance_metadata_tags": "disabled"
              }
            ],
            "monitoring": false,
            "network_interface": [],
            "outpost_arn": "",
            "password_data": "",
            "placement_group": "",
            "placement_group_id": "",
            "placement_partition_number": 0,
            "primary_network_interface": [
              {
                "delete_on_termination": true,
                "network_interface_id": "eni-081c3ab001dfbf29d"
              }
            ],
            "primary_network_interface_id": "eni-081c3ab001dfbf29d",
            "private_dns": "ip-10-0-1-57.ap-south-1.compute.internal",
            "private_dns_name_options": [
              {
                "enable_resource_name_dns_a_record": false,
                "enable_resource_name_dns_aaaa_record": false,
                "hostname_type": "ip-name"
              }
            ],
            "private_ip": "10.0.1.57",
            "public_dns": "ec2-65-0-101-53.ap-south-1.compute.amazonaws.com",
            "public_ip": "65.0.101.53",
            "region": "ap-south-1",
            "root_block_device": [
              {
                "delete_on_termination": true,
                "device_name": "/dev/sda1",
                "encrypted": false,
                "iops": 3000,
                "kms_key_id": "",
                "tags": null,
                "tags_all": {},
                "throughput": 125,
                "volume_id": "vol-03fffae59598109c7",
                "volume_size": 20,
                "volume_type": "gp3"
              }
            ],
            "secondary_network_interface": [],
            "secondary_private_ips": [],
            "security_groups": [],
            "source_dest_check": true,
            "spot_instance_request_id": "",
            "subnet_id": "subnet-0134897afbd132792",
            "tags": {
              "Name": "taskflow-server",
              "Project": "TaskFlow"
            },
            "tags_all": {
              "Name": "taskflow-server",
              "Project": "TaskFlow"
            },
            "tenancy": "default",
            "timeouts": null,
            "user_data": "#!/bin/bash\r\nset -eux\r\n\r\n# Update packages\r\napt-get update -y\r\n\r\n# Install required packages\r\napt-get install -y docker.io curl git\r\n\r\n# Start Docker\r\nsystemctl enable docker\r\nsystemctl start docker\r\n\r\n# Allow ubuntu user to use Docker\r\nusermod -aG docker ubuntu\r\n\r\n# Create 2 GB swap to help k3s on a small instance\r\nif [ ! -f /swapfile ]; then\r\n  fallocate -l 2G /swapfile\r\n  chmod 600 /swapfile\r\n  mkswap /swapfile\r\n  swapon /swapfile\r\n  echo '/swapfile none swap sw 0 0' \u003e\u003e /etc/fstab\r\nfi\r\n\r\n# Install k3s\r\ncurl -sfL https://get.k3s.io | sh -\r\n\r\n# Configure kubectl for ubuntu user\r\nmkdir -p /home/ubuntu/.kube\r\ncp /etc/rancher/k3s/k3s.yaml /home/ubuntu/.kube/config\r\nchown -R ubuntu:ubuntu /home/ubuntu/.kube\r\n\r\n# Install useful tools\r\napt-get install -y git curl\r\n\r\n# Record successful bootstrap\r\necho \"TaskFlow EC2 bootstrap completed successfully\" \u003e /home/ubuntu/bootstrap-complete.txt\r\n",
            "user_data_base64": null,
            "user_data_replace_on_change": true,
            "volume_tags": null,
            "vpc_security_group_ids": [
              "sg-003ac68e2151b156f"
            ]
          },
          "sensitive_attributes": [],
          "identity_schema_version": 0,
          "identity": {
            "account_id": "884686184497",
            "id": "i-0075e586e3e0acfd5",
            "region": "ap-south-1"
          },
          "private": "eyJlMmJmYjczMC1lY2FhLTExZTYtOGY4OC0zNDM2M2JjN2M0YzAiOnsiY3JlYXRlIjo2MDAwMDAwMDAwMDAsImRlbGV0ZSI6MTIwMDAwMDAwMDAwMCwicmVhZCI6OTAwMDAwMDAwMDAwLCJ1cGRhdGUiOjYwMDAwMDAwMDAwMH0sInNjaGVtYV92ZXJzaW9uIjoiMiJ9",
          "dependencies": [
            "aws_key_pair.taskflow_key",
            "aws_security_group.taskflow_sg",
            "aws_subnet.taskflow_public_subnet",
            "aws_vpc.taskflow_vpc",
            "data.aws_ami.ubuntu"
          ]
        }
      ]
    },
    {
      "mode": "managed",
      "type": "aws_internet_gateway",
      "name": "taskflow_igw",
      "provider": "provider[\"registry.terraform.io/hashicorp/aws\"]",
      "instances": [
        {
          "schema_version": 0,
          "attributes": {
            "arn": "arn:aws:ec2:ap-south-1:884686184497:internet-gateway/igw-0891e0ef1f415045e",
            "id": "igw-0891e0ef1f415045e",
            "owner_id": "884686184497",
            "region": "ap-south-1",
            "tags": {
              "Name": "taskflow-igw",
              "Project": "TaskFlow"
            },
            "tags_all": {
              "Name": "taskflow-igw",
              "Project": "TaskFlow"
            },
            "timeouts": null,
            "vpc_id": "vpc-0a53f3f9d0fcd5173"
          },
          "sensitive_attributes": [],
          "identity_schema_version": 0,
          "identity": {
            "account_id": "884686184497",
            "id": "igw-0891e0ef1f415045e",
            "region": "ap-south-1"
          },
          "private": "eyJlMmJmYjczMC1lY2FhLTExZTYtOGY4OC0zNDM2M2JjN2M0YzAiOnsiY3JlYXRlIjoxMjAwMDAwMDAwMDAwLCJkZWxldGUiOjEyMDAwMDAwMDAwMDAsInVwZGF0ZSI6MTIwMDAwMDAwMDAwMH19",
          "dependencies": [
            "aws_vpc.taskflow_vpc"
          ]
        }
      ]
    },
    {
      "mode": "managed",
      "type": "aws_key_pair",
      "name": "taskflow_key",
      "provider": "provider[\"registry.terraform.io/hashicorp/aws\"]",
      "instances": [
        {
          "schema_version": 1,
          "attributes": {
            "arn": "arn:aws:ec2:ap-south-1:884686184497:key-pair/taskflow-key",
            "fingerprint": "R7UMHb7bLsmSKq+Erzxu2HiXsL8TJo2JjvY7WvausJQ=",
            "id": "taskflow-key",
            "key_name": "taskflow-key",
            "key_name_prefix": "",
            "key_pair_id": "key-08d0a41ec67177dfe",
            "key_type": "ed25519",
            "public_key": "ssh-ed25519 AAAAC3NzaC1lZDI1NTE5AAAAIEWFI97VgRAKnZGMJmrYBos/du9/wKW2Buqsc/LB7Du5 taskflow-devops",
            "region": "ap-south-1",
            "tags": {
              "Name": "taskflow-key",
              "Project": "TaskFlow"
            },
            "tags_all": {
              "Name": "taskflow-key",
              "Project": "TaskFlow"
            }
          },
          "sensitive_attributes": [],
          "identity_schema_version": 0,
          "private": "eyJzY2hlbWFfdmVyc2lvbiI6IjEifQ=="
        }
      ]
    },
    {
      "mode": "managed",
      "type": "aws_route_table",
      "name": "taskflow_public_rt",
      "provider": "provider[\"registry.terraform.io/hashicorp/aws\"]",
      "instances": [
        {
          "schema_version": 0,
          "attributes": {
            "arn": "arn:aws:ec2:ap-south-1:884686184497:route-table/rtb-0fe7f6f9c8f4f5949",
            "id": "rtb-0fe7f6f9c8f4f5949",
            "owner_id": "884686184497",
            "propagating_vgws": [],
            "region": "ap-south-1",
            "route": [
              {
                "carrier_gateway_id": "",
                "cidr_block": "0.0.0.0/0",
                "core_network_arn": "",
                "destination_prefix_list_id": "",
                "egress_only_gateway_id": "",
                "gateway_id": "igw-0891e0ef1f415045e",
                "ipv6_cidr_block": "",
                "local_gateway_id": "",
                "nat_gateway_id": "",
                "network_interface_id": "",
                "odb_network_arn": "",
                "transit_gateway_id": "",
                "vpc_endpoint_id": "",
                "vpc_peering_connection_id": ""
              }
            ],
            "tags": {
              "Name": "taskflow-public-route-table",
              "Project": "TaskFlow"
            },
            "tags_all": {
              "Name": "taskflow-public-route-table",
              "Project": "TaskFlow"
            },
            "timeouts": null,
            "vpc_id": "vpc-0a53f3f9d0fcd5173"
          },
          "sensitive_attributes": [],
          "identity_schema_version": 0,
          "identity": {
            "account_id": "884686184497",
            "id": "rtb-0fe7f6f9c8f4f5949",
            "region": "ap-south-1"
          },
          "private": "eyJlMmJmYjczMC1lY2FhLTExZTYtOGY4OC0zNDM2M2JjN2M0YzAiOnsiY3JlYXRlIjozMDAwMDAwMDAwMDAsImRlbGV0ZSI6MzAwMDAwMDAwMDAwLCJ1cGRhdGUiOjEyMDAwMDAwMDAwMH19",
          "dependencies": [
            "aws_internet_gateway.taskflow_igw",
            "aws_vpc.taskflow_vpc"
          ]
        }
      ]
    },
    {
      "mode": "managed",
      "type": "aws_route_table_association",
      "name": "taskflow_public_rta",
      "provider": "provider[\"registry.terraform.io/hashicorp/aws\"]",
      "instances": [
        {
          "schema_version": 0,
          "attributes": {
            "gateway_id": "",
            "id": "rtbassoc-0de9a8ab5e868db8b",
            "region": "ap-south-1",
            "route_table_id": "rtb-0fe7f6f9c8f4f5949",
            "subnet_id": "subnet-0134897afbd132792",
            "timeouts": null
          },
          "sensitive_attributes": [],
          "identity_schema_version": 0,
          "identity": {
            "account_id": "884686184497",
            "id": "rtbassoc-0de9a8ab5e868db8b",
            "region": "ap-south-1"
          },
          "private": "eyJlMmJmYjczMC1lY2FhLTExZTYtOGY4OC0zNDM2M2JjN2M0YzAiOnsiY3JlYXRlIjozMDAwMDAwMDAwMDAsImRlbGV0ZSI6MzAwMDAwMDAwMDAwLCJ1cGRhdGUiOjEyMDAwMDAwMDAwMH19",
          "dependencies": [
            "aws_internet_gateway.taskflow_igw",
            "aws_route_table.taskflow_public_rt",
            "aws_subnet.taskflow_public_subnet",
            "aws_vpc.taskflow_vpc"
          ]
        }
      ]
    },
    {
      "mode": "managed",
      "type": "aws_security_group",
      "name": "taskflow_sg",
      "provider": "provider[\"registry.terraform.io/hashicorp/aws\"]",
      "instances": [
        {
          "schema_version": 1,
          "attributes": {
            "arn": "arn:aws:ec2:ap-south-1:884686184497:security-group/sg-003ac68e2151b156f",
            "description": "Security group for TaskFlow Kubernetes server",
            "egress": [
              {
                "cidr_blocks": [
                  "0.0.0.0/0"
                ],
                "description": "",
                "from_port": 0,
                "ipv6_cidr_blocks": [],
                "prefix_list_ids": [],
                "protocol": "-1",
                "security_groups": [],
                "self": false,
                "to_port": 0
              }
            ],
            "id": "sg-003ac68e2151b156f",
            "ingress": [
              {
                "cidr_blocks": [
                  "0.0.0.0/0"
                ],
                "description": "HTTP",
                "from_port": 80,
                "ipv6_cidr_blocks": [],
                "prefix_list_ids": [],
                "protocol": "tcp",
                "security_groups": [],
                "self": false,
                "to_port": 80
              },
              {
                "cidr_blocks": [
                  "0.0.0.0/0"
                ],
                "description": "HTTPS",
                "from_port": 443,
                "ipv6_cidr_blocks": [],
                "prefix_list_ids": [],
                "protocol": "tcp",
                "security_groups": [],
                "self": false,
                "to_port": 443
              },
              {
                "cidr_blocks": [
                  "0.0.0.0/0"
                ],
                "description": "Kubernetes API",
                "from_port": 6443,
                "ipv6_cidr_blocks": [],
                "prefix_list_ids": [],
                "protocol": "tcp",
                "security_groups": [],
                "self": false,
                "to_port": 6443
              },
              {
                "cidr_blocks": [
                  "0.0.0.0/0"
                ],
                "description": "SSH",
                "from_port": 22,
                "ipv6_cidr_blocks": [],
                "prefix_list_ids": [],
                "protocol": "tcp",
                "security_groups": [],
                "self": false,
                "to_port": 22
              },
              {
                "cidr_blocks": [
                  "0.0.0.0/0"
                ],
                "description": "TaskFlow application",
                "from_port": 5000,
                "ipv6_cidr_blocks": [],
                "prefix_list_ids": [],
                "protocol": "tcp",
                "security_groups": [],
                "self": false,
                "to_port": 5000
              }
            ],
            "name": "taskflow-sg",
            "name_prefix": "",
            "owner_id": "884686184497",
            "region": "ap-south-1",
            "revoke_rules_on_delete": false,
            "tags": {
              "Name": "taskflow-sg",
              "Project": "TaskFlow"
            },
            "tags_all": {
              "Name": "taskflow-sg",
              "Project": "TaskFlow"
            },
            "timeouts": null,
            "vpc_id": "vpc-0a53f3f9d0fcd5173"
          },
          "sensitive_attributes": [],
          "identity_schema_version": 0,
          "identity": {
            "account_id": "884686184497",
            "id": "sg-003ac68e2151b156f",
            "region": "ap-south-1"
          },
          "private": "eyJlMmJmYjczMC1lY2FhLTExZTYtOGY4OC0zNDM2M2JjN2M0YzAiOnsiY3JlYXRlIjo2MDAwMDAwMDAwMDAsImRlbGV0ZSI6OTAwMDAwMDAwMDAwfSwic2NoZW1hX3ZlcnNpb24iOiIxIn0=",
          "dependencies": [
            "aws_vpc.taskflow_vpc"
          ]
        }
      ]
    },
    {
      "mode": "managed",
      "type": "aws_subnet",
      "name": "taskflow_public_subnet",
      "provider": "provider[\"registry.terraform.io/hashicorp/aws\"]",
      "instances": [
        {
          "schema_version": 1,
          "attributes": {
            "arn": "arn:aws:ec2:ap-south-1:884686184497:subnet/subnet-0134897afbd132792",
            "assign_ipv6_address_on_creation": false,
            "availability_zone": "ap-south-1a",
            "availability_zone_id": "aps1-az1",
            "cidr_block": "10.0.1.0/24",
            "customer_owned_ipv4_pool": "",
            "enable_dns64": false,
            "enable_lni_at_device_index": 0,
            "enable_resource_name_dns_a_record_on_launch": false,
            "enable_resource_name_dns_aaaa_record_on_launch": false,
            "id": "subnet-0134897afbd132792",
            "ipv4_ipam_pool_id": null,
            "ipv4_netmask_length": null,
            "ipv6_cidr_block": "",
            "ipv6_cidr_block_association_id": "",
            "ipv6_ipam_pool_id": null,
            "ipv6_native": false,
            "ipv6_netmask_length": null,
            "map_customer_owned_ip_on_launch": false,
            "map_public_ip_on_launch": true,
            "outpost_arn": "",
            "owner_id": "884686184497",
            "private_dns_hostname_type_on_launch": "ip-name",
            "region": "ap-south-1",
            "tags": {
              "Name": "taskflow-public-subnet",
              "Project": "TaskFlow"
            },
            "tags_all": {
              "Name": "taskflow-public-subnet",
              "Project": "TaskFlow"
            },
            "timeouts": null,
            "vpc_id": "vpc-0a53f3f9d0fcd5173"
          },
          "sensitive_attributes": [],
          "identity_schema_version": 0,
          "identity": {
            "account_id": "884686184497",
            "id": "subnet-0134897afbd132792",
            "region": "ap-south-1"
          },
          "private": "eyJlMmJmYjczMC1lY2FhLTExZTYtOGY4OC0zNDM2M2JjN2M0YzAiOnsiY3JlYXRlIjo2MDAwMDAwMDAwMDAsImRlbGV0ZSI6MTIwMDAwMDAwMDAwMH0sInNjaGVtYV92ZXJzaW9uIjoiMSJ9",
          "dependencies": [
            "aws_vpc.taskflow_vpc"
          ]
        }
      ]
    },
    {
      "mode": "managed",
      "type": "aws_vpc",
      "name": "taskflow_vpc",
      "provider": "provider[\"registry.terraform.io/hashicorp/aws\"]",
      "instances": [
        {
          "schema_version": 1,
          "attributes": {
            "arn": "arn:aws:ec2:ap-south-1:884686184497:vpc/vpc-0a53f3f9d0fcd5173",
            "assign_generated_ipv6_cidr_block": false,
            "cidr_block": "10.0.0.0/16",
            "default_network_acl_id": "acl-0df0a97ba709e621a",
            "default_route_table_id": "rtb-06640df7613f88c0c",
            "default_security_group_id": "sg-0b3607dd08d34702b",
            "dhcp_options_id": "dopt-06385186dd77df078",
            "enable_dns_hostnames": true,
            "enable_dns_support": true,
            "enable_network_address_usage_metrics": false,
            "id": "vpc-0a53f3f9d0fcd5173",
            "instance_tenancy": "default",
            "ipv4_ipam_pool_id": null,
            "ipv4_netmask_length": null,
            "ipv6_association_id": "",
            "ipv6_cidr_block": "",
            "ipv6_cidr_block_network_border_group": "",
            "ipv6_ipam_pool_id": "",
            "ipv6_netmask_length": 0,
            "main_route_table_id": "rtb-06640df7613f88c0c",
            "owner_id": "884686184497",
            "region": "ap-south-1",
            "tags": {
              "Name": "taskflow-vpc",
              "Project": "TaskFlow"
            },
            "tags_all": {
              "Name": "taskflow-vpc",
              "Project": "TaskFlow"
            }
          },
          "sensitive_attributes": [],
          "identity_schema_version": 0,
          "identity": {
            "account_id": "884686184497",
            "id": "vpc-0a53f3f9d0fcd5173",
            "region": "ap-south-1"
          },
          "private": "eyJzY2hlbWFfdmVyc2lvbiI6IjEifQ=="
        }
      ]
    }
  ],
  "check_results": null
}
